
Microsoft Visual Studio Solution File, Format Version 12.00
# Visual Studio Version 16
VisualStudioVersion = 16.0.31702.278
MinimumVisualStudioVersion = 10.0.40219.1
Project("{9A19103F-16F7-4668-BE54-9A1E7A4F7556}") = "1st try", "1st try\1st try.csproj", "{4CE1182F-83C4-431D-BDF4-BA187CE08670}"
EndProject
Global
	GlobalSection(SolutionConfigurationPlatforms) = preSolution
		Debug|Any CPU = Debug|Any CPU
		Release|Any CPU = Release|Any CPU
	EndGlobalSection
	GlobalSection(ProjectConfigurationPlatforms) = postSolution
		{4CE1182F-83C4-431D-BDF4-BA187CE08670}.Debug|Any CPU.ActiveCfg = Debug|Any CPU
		{4CE1182F-83C4-431D-BDF4-BA187CE08670}.Debug|Any CPU.Build.0 = Debug|Any CPU
		{4CE1182F-83C4-431D-BDF4-BA187CE08670}.Release|Any CPU.ActiveCfg = Release|Any CPU
		{4CE1182F-83C4-431D-BDF4-BA187CE08670}.Release|Any CPU.Build.0 = Release|Any CPU
	EndGlobalSection
	GlobalSection(SolutionProperties) = preSolution
		HideSolutionNode = FALSE
	EndGlobalSection
	GlobalSection(ExtensibilityGlobals) = postSolution
		SolutionGuid = {DE199416-8678-481F-8396-02BC5E51059F}
	EndGlobalSection
EndGlobal
